// !$*UTF8*$!
{
	archiveVersion = 1;
	classes = {
	};
	objectVersion = 46;
	objects = {

/* Begin PBXBuildFile section */
		051E1C85F51D4789014C635C /* Pods_Marvel_Heroes.framework in Frameworks */ = {isa = PBXBuildFile; fileRef = 3B454B0A56F894EF05CD7262 /* Pods_Marvel_Heroes.framework */; };
		16086B841F65B7230023A3DE /* MarvelList.swift in Sources */ = {isa = PBXBuildFile; fileRef = 16086B831F65B7230023A3DE /* MarvelList.swift */; };
		16086B851F65B90A0023A3DE /* MarvelList.swift in Sources */ = {isa = PBXBuildFile; fileRef = 16086B831F65B7230023A3DE /* MarvelList.swift */; };
		16086B861F65B90B0023A3DE /* MarvelList.swift in Sources */ = {isa = PBXBuildFile; fileRef = 16086B831F65B7230023A3DE /* MarvelList.swift */; };
		16086B941F65C08D0023A3DE /* DataAccessObject.swift in Sources */ = {isa = PBXBuildFile; fileRef = 16086B931F65C08D0023A3DE /* DataAccessObject.swift */; };
		16086B951F65C0A40023A3DE /* DataAccessObject.swift in Sources */ = {isa = PBXBuildFile; fileRef = 16086B931F65C08D0023A3DE /* DataAccessObject.swift */; };
		16086B961F65C0A40023A3DE /* DataAccessObject.swift in Sources */ = {isa = PBXBuildFile; fileRef = 16086B931F65C08D0023A3DE /* DataAccessObject.swift */; };
		16086BA01F65CB2D0023A3DE /* ComicDAO.swift in Sources */ = {isa = PBXBuildFile; fileRef = 16086B9F1F65CB2D0023A3DE /* ComicDAO.swift */; };
		16086BA11F65CB310023A3DE /* ComicDAO.swift in Sources */ = {isa = PBXBuildFile; fileRef = 16086B9F1F65CB2D0023A3DE /* ComicDAO.swift */; };
		16086BA21F65CB310023A3DE /* ComicDAO.swift in Sources */ = {isa = PBXBuildFile; fileRef = 16086B9F1F65CB2D0023A3DE /* ComicDAO.swift */; };
		16086BA41F65CD1B0023A3DE /* StoryDAO.swift in Sources */ = {isa = PBXBuildFile; fileRef = 16086BA31F65CD1B0023A3DE /* StoryDAO.swift */; };
		16086BA51F65CD1D0023A3DE /* StoryDAO.swift in Sources */ = {isa = PBXBuildFile; fileRef = 16086BA31F65CD1B0023A3DE /* StoryDAO.swift */; };
		16086BA61F65CD1D0023A3DE /* StoryDAO.swift in Sources */ = {isa = PBXBuildFile; fileRef = 16086BA31F65CD1B0023A3DE /* StoryDAO.swift */; };
		16086BA81F65CDE20023A3DE /* EventDAO.swift in Sources */ = {isa = PBXBuildFile; fileRef = 16086BA71F65CDE20023A3DE /* EventDAO.swift */; };
		16086BA91F65CEFB0023A3DE /* EventDAO.swift in Sources */ = {isa = PBXBuildFile; fileRef = 16086BA71F65CDE20023A3DE /* EventDAO.swift */; };
		16086BAA1F65CEFB0023A3DE /* EventDAO.swift in Sources */ = {isa = PBXBuildFile; fileRef = 16086BA71F65CDE20023A3DE /* EventDAO.swift */; };
		16086BAC1F65D07B0023A3DE /* SerieDAO.swift in Sources */ = {isa = PBXBuildFile; fileRef = 16086BAB1F65D07B0023A3DE /* SerieDAO.swift */; };
		16086BAD1F65D0880023A3DE /* SerieDAO.swift in Sources */ = {isa = PBXBuildFile; fileRef = 16086BAB1F65D07B0023A3DE /* SerieDAO.swift */; };
		16086BAE1F65D0890023A3DE /* SerieDAO.swift in Sources */ = {isa = PBXBuildFile; fileRef = 16086BAB1F65D07B0023A3DE /* SerieDAO.swift */; };
		160DA88D1F61FB2800A84312 /* Hero.swift in Sources */ = {isa = PBXBuildFile; fileRef = 16A375B41F60C9D500C22D54 /* Hero.swift */; };
		160DA88E1F61FB2900A84312 /* Hero.swift in Sources */ = {isa = PBXBuildFile; fileRef = 16A375B41F60C9D500C22D54 /* Hero.swift */; };
		160DA8901F636EEE00A84312 /* MarvelProvider.swift in Sources */ = {isa = PBXBuildFile; fileRef = 160DA88F1F636EEE00A84312 /* MarvelProvider.swift */; };
		160DA8951F637C2300A84312 /* MarvelProvider.swift in Sources */ = {isa = PBXBuildFile; fileRef = 160DA88F1F636EEE00A84312 /* MarvelProvider.swift */; };
		160DA8961F637C2300A84312 /* MarvelProvider.swift in Sources */ = {isa = PBXBuildFile; fileRef = 160DA88F1F636EEE00A84312 /* MarvelProvider.swift */; };
		160DA89C1F640FB000A84312 /* HeroDAO.swift in Sources */ = {isa = PBXBuildFile; fileRef = 165036141F62C272007CA247 /* HeroDAO.swift */; };
		160DA89D1F640FB100A84312 /* HeroDAO.swift in Sources */ = {isa = PBXBuildFile; fileRef = 165036141F62C272007CA247 /* HeroDAO.swift */; };
		160DA8A31F647B4700A84312 /* HeroDetailsViewController.swift in Sources */ = {isa = PBXBuildFile; fileRef = 160DA8A21F647B4700A84312 /* HeroDetailsViewController.swift */; };
		162BD33D1F69A3DB00038889 /* Date+StringRepresentation.swift in Sources */ = {isa = PBXBuildFile; fileRef = 162BD33C1F69A3DB00038889 /* Date+StringRepresentation.swift */; };
		162BD3411F6ABFB200038889 /* AnimationController.swift in Sources */ = {isa = PBXBuildFile; fileRef = 162BD3401F6ABFB200038889 /* AnimationController.swift */; };
		162E65181F60E6B600D52460 /* HeroCell.swift in Sources */ = {isa = PBXBuildFile; fileRef = 162E65171F60E6B600D52460 /* HeroCell.swift */; };
		162E651A1F60EB3500D52460 /* MarvelAPI.swift in Sources */ = {isa = PBXBuildFile; fileRef = 162E65191F60EB3500D52460 /* MarvelAPI.swift */; };
		165036151F62C272007CA247 /* HeroDAO.swift in Sources */ = {isa = PBXBuildFile; fileRef = 165036141F62C272007CA247 /* HeroDAO.swift */; };
		165036181F62E693007CA247 /* MarvelResponse.swift in Sources */ = {isa = PBXBuildFile; fileRef = 16A375B61F60C9E200C22D54 /* MarvelResponse.swift */; };
		165036191F62E693007CA247 /* MarvelResponse.swift in Sources */ = {isa = PBXBuildFile; fileRef = 16A375B61F60C9E200C22D54 /* MarvelResponse.swift */; };
		1650361A1F62E696007CA247 /* MarvelThumbnail.swift in Sources */ = {isa = PBXBuildFile; fileRef = 16A375B81F60CB9D00C22D54 /* MarvelThumbnail.swift */; };
		1650361B1F62E697007CA247 /* MarvelThumbnail.swift in Sources */ = {isa = PBXBuildFile; fileRef = 16A375B81F60CB9D00C22D54 /* MarvelThumbnail.swift */; };
		1650361C1F62E6A1007CA247 /* Comic.swift in Sources */ = {isa = PBXBuildFile; fileRef = 16A375BA1F60D09C00C22D54 /* Comic.swift */; };
		1650361D1F62E6A2007CA247 /* Comic.swift in Sources */ = {isa = PBXBuildFile; fileRef = 16A375BA1F60D09C00C22D54 /* Comic.swift */; };
		1650361E1F62E6A4007CA247 /* Story.swift in Sources */ = {isa = PBXBuildFile; fileRef = 16A375BC1F60D0A800C22D54 /* Story.swift */; };
		1650361F1F62E6A4007CA247 /* Story.swift in Sources */ = {isa = PBXBuildFile; fileRef = 16A375BC1F60D0A800C22D54 /* Story.swift */; };
		165036201F62E6A7007CA247 /* Event.swift in Sources */ = {isa = PBXBuildFile; fileRef = 16A375BE1F60D0B200C22D54 /* Event.swift */; };
		165036211F62E6A7007CA247 /* Event.swift in Sources */ = {isa = PBXBuildFile; fileRef = 16A375BE1F60D0B200C22D54 /* Event.swift */; };
		165036221F62E6AA007CA247 /* Serie.swift in Sources */ = {isa = PBXBuildFile; fileRef = 16A375C01F60D0BF00C22D54 /* Serie.swift */; };
		165036231F62E6AA007CA247 /* Serie.swift in Sources */ = {isa = PBXBuildFile; fileRef = 16A375C01F60D0BF00C22D54 /* Serie.swift */; };
		165036271F62E969007CA247 /* String+MD5.swift in Sources */ = {isa = PBXBuildFile; fileRef = 165036261F62E969007CA247 /* String+MD5.swift */; };
		165036281F633919007CA247 /* String+MD5.swift in Sources */ = {isa = PBXBuildFile; fileRef = 165036261F62E969007CA247 /* String+MD5.swift */; };
		165036291F63391A007CA247 /* String+MD5.swift in Sources */ = {isa = PBXBuildFile; fileRef = 165036261F62E969007CA247 /* String+MD5.swift */; };
		16A3757B1F60BD5700C22D54 /* AppDelegate.swift in Sources */ = {isa = PBXBuildFile; fileRef = 16A3757A1F60BD5700C22D54 /* AppDelegate.swift */; };
		16A375801F60BD5700C22D54 /* Main.storyboard in Resources */ = {isa = PBXBuildFile; fileRef = 16A3757E1F60BD5700C22D54 /* Main.storyboard */; };
		16A375831F60BD5700C22D54 /* Marvel_Heroes.xcdatamodeld in Sources */ = {isa = PBXBuildFile; fileRef = 16A375811F60BD5700C22D54 /* Marvel_Heroes.xcdatamodeld */; };
		16A375851F60BD5700C22D54 /* Assets.xcassets in Resources */ = {isa = PBXBuildFile; fileRef = 16A375841F60BD5700C22D54 /* Assets.xcassets */; };
		16A375881F60BD5700C22D54 /* LaunchScreen.storyboard in Resources */ = {isa = PBXBuildFile; fileRef = 16A375861F60BD5700C22D54 /* LaunchScreen.storyboard */; };
		16A375931F60BD5700C22D54 /* Marvel_HeroesTests.swift in Sources */ = {isa = PBXBuildFile; fileRef = 16A375921F60BD5700C22D54 /* Marvel_HeroesTests.swift */; };
		16A3759E1F60BD5700C22D54 /* Marvel_HeroesUITests.swift in Sources */ = {isa = PBXBuildFile; fileRef = 16A3759D1F60BD5700C22D54 /* Marvel_HeroesUITests.swift */; };
		16A375AD1F60BD8D00C22D54 /* APIKeys.plist in Resources */ = {isa = PBXBuildFile; fileRef = 16A375AC1F60BD8D00C22D54 /* APIKeys.plist */; };
		16A375B51F60C9D500C22D54 /* Hero.swift in Sources */ = {isa = PBXBuildFile; fileRef = 16A375B41F60C9D500C22D54 /* Hero.swift */; };
		16A375B71F60C9E200C22D54 /* MarvelResponse.swift in Sources */ = {isa = PBXBuildFile; fileRef = 16A375B61F60C9E200C22D54 /* MarvelResponse.swift */; };
		16A375B91F60CB9D00C22D54 /* MarvelThumbnail.swift in Sources */ = {isa = PBXBuildFile; fileRef = 16A375B81F60CB9D00C22D54 /* MarvelThumbnail.swift */; };
		16A375BB1F60D09C00C22D54 /* Comic.swift in Sources */ = {isa = PBXBuildFile; fileRef = 16A375BA1F60D09C00C22D54 /* Comic.swift */; };
		16A375BD1F60D0A800C22D54 /* Story.swift in Sources */ = {isa = PBXBuildFile; fileRef = 16A375BC1F60D0A800C22D54 /* Story.swift */; };
		16A375BF1F60D0B200C22D54 /* Event.swift in Sources */ = {isa = PBXBuildFile; fileRef = 16A375BE1F60D0B200C22D54 /* Event.swift */; };
		16A375C11F60D0BF00C22D54 /* Serie.swift in Sources */ = {isa = PBXBuildFile; fileRef = 16A375C01F60D0BF00C22D54 /* Serie.swift */; };
		16E7675B1F6800E40001EF22 /* Creator.swift in Sources */ = {isa = PBXBuildFile; fileRef = 16E7675A1F6800E40001EF22 /* Creator.swift */; };
		16E7675C1F6801600001EF22 /* Creator.swift in Sources */ = {isa = PBXBuildFile; fileRef = 16E7675A1F6800E40001EF22 /* Creator.swift */; };
		16E7675D1F6801610001EF22 /* Creator.swift in Sources */ = {isa = PBXBuildFile; fileRef = 16E7675A1F6800E40001EF22 /* Creator.swift */; };
		16E7675F1F68191B0001EF22 /* ComicDetailsViewController.swift in Sources */ = {isa = PBXBuildFile; fileRef = 16E7675E1F68191B0001EF22 /* ComicDetailsViewController.swift */; };
		16E767611F68192A0001EF22 /* StoryDetailsViewController.swift in Sources */ = {isa = PBXBuildFile; fileRef = 16E767601F68192A0001EF22 /* StoryDetailsViewController.swift */; };
		16E767631F6819390001EF22 /* EventDetailsViewController.swift in Sources */ = {isa = PBXBuildFile; fileRef = 16E767621F6819390001EF22 /* EventDetailsViewController.swift */; };
		16E767651F68194B0001EF22 /* SerieDetailsViewController.swift in Sources */ = {isa = PBXBuildFile; fileRef = 16E767641F68194B0001EF22 /* SerieDetailsViewController.swift */; };
		16ED69021F60F42300F946AE /* MarvelAPI.swift in Sources */ = {isa = PBXBuildFile; fileRef = 162E65191F60EB3500D52460 /* MarvelAPI.swift */; };
		16ED69031F60F42400F946AE /* MarvelAPI.swift in Sources */ = {isa = PBXBuildFile; fileRef = 162E65191F60EB3500D52460 /* MarvelAPI.swift */; };
		16ED69051F60F4D800F946AE /* ListingHeroesController.swift in Sources */ = {isa = PBXBuildFile; fileRef = 16ED69041F60F4D800F946AE /* ListingHeroesController.swift */; };
		29DC5CB6832E0B3E2945B6DA /* Pods_Marvel_HeroesUITests.framework in Frameworks */ = {isa = PBXBuildFile; fileRef = F30E3D98B42F5B4C0BADFC6E /* Pods_Marvel_HeroesUITests.framework */; };
		3B79A80BB286647D2F6478DD /* Pods_Marvel_HeroesTests.framework in Frameworks */ = {isa = PBXBuildFile; fileRef = EB922C7B2DBEFD556A752DD3 /* Pods_Marvel_HeroesTests.framework */; };
/* End PBXBuildFile section */

/* Begin PBXContainerItemProxy section */
		16A3758F1F60BD5700C22D54 /* PBXContainerItemProxy */ = {
			isa = PBXContainerItemProxy;
			containerPortal = 16A3756F1F60BD5700C22D54 /* Project object */;
			proxyType = 1;
			remoteGlobalIDString = 16A375761F60BD5700C22D54;
			remoteInfo = "Marvel Heroes";
		};
		16A3759A1F60BD5700C22D54 /* PBXContainerItemProxy */ = {
			isa = PBXContainerItemProxy;
			containerPortal = 16A3756F1F60BD5700C22D54 /* Project object */;
			proxyType = 1;
			remoteGlobalIDString = 16A375761F60BD5700C22D54;
			remoteInfo = "Marvel Heroes";
		};
/* End PBXContainerItemProxy section */

/* Begin PBXFileReference section */
		05743ADC685B254F0445030B /* Pods-Marvel Heroes.debug.xcconfig */ = {isa = PBXFileReference; includeInIndex = 1; lastKnownFileType = text.xcconfig; name = "Pods-Marvel Heroes.debug.xcconfig"; path = "Pods/Target Support Files/Pods-Marvel Heroes/Pods-Marvel Heroes.debug.xcconfig"; sourceTree = "<group>"; };
		16086B831F65B7230023A3DE /* MarvelList.swift */ = {isa = PBXFileReference; fileEncoding = 4; lastKnownFileType = sourcecode.swift; path = MarvelList.swift; sourceTree = "<group>"; };
		16086B931F65C08D0023A3DE /* DataAccessObject.swift */ = {isa = PBXFileReference; fileEncoding = 4; lastKnownFileType = sourcecode.swift; path = DataAccessObject.swift; sourceTree = "<group>"; };
		16086B9F1F65CB2D0023A3DE /* ComicDAO.swift */ = {isa = PBXFileReference; fileEncoding = 4; lastKnownFileType = sourcecode.swift; path = ComicDAO.swift; sourceTree = "<group>"; };
		16086BA31F65CD1B0023A3DE /* StoryDAO.swift */ = {isa = PBXFileReference; fileEncoding = 4; lastKnownFileType = sourcecode.swift; path = StoryDAO.swift; sourceTree = "<group>"; };
		16086BA71F65CDE20023A3DE /* EventDAO.swift */ = {isa = PBXFileReference; fileEncoding = 4; lastKnownFileType = sourcecode.swift; path = EventDAO.swift; sourceTree = "<group>"; };
		16086BAB1F65D07B0023A3DE /* SerieDAO.swift */ = {isa = PBXFileReference; fileEncoding = 4; lastKnownFileType = sourcecode.swift; path = SerieDAO.swift; sourceTree = "<group>"; };
		160DA88F1F636EEE00A84312 /* MarvelProvider.swift */ = {isa = PBXFileReference; fileEncoding = 4; lastKnownFileType = sourcecode.swift; path = MarvelProvider.swift; sourceTree = "<group>"; };
		160DA8A21F647B4700A84312 /* HeroDetailsViewController.swift */ = {isa = PBXFileReference; fileEncoding = 4; lastKnownFileType = sourcecode.swift; path = HeroDetailsViewController.swift; sourceTree = "<group>"; };
		162BD33C1F69A3DB00038889 /* Date+StringRepresentation.swift */ = {isa = PBXFileReference; fileEncoding = 4; lastKnownFileType = sourcecode.swift; path = "Date+StringRepresentation.swift"; sourceTree = "<group>"; };
		162BD3401F6ABFB200038889 /* AnimationController.swift */ = {isa = PBXFileReference; fileEncoding = 4; lastKnownFileType = sourcecode.swift; path = AnimationController.swift; sourceTree = "<group>"; };
		162E65171F60E6B600D52460 /* HeroCell.swift */ = {isa = PBXFileReference; fileEncoding = 4; lastKnownFileType = sourcecode.swift; path = HeroCell.swift; sourceTree = "<group>"; };
		162E65191F60EB3500D52460 /* MarvelAPI.swift */ = {isa = PBXFileReference; fileEncoding = 4; lastKnownFileType = sourcecode.swift; path = MarvelAPI.swift; sourceTree = "<group>"; };
		165036141F62C272007CA247 /* HeroDAO.swift */ = {isa = PBXFileReference; fileEncoding = 4; lastKnownFileType = sourcecode.swift; path = HeroDAO.swift; sourceTree = "<group>"; };
		165036261F62E969007CA247 /* String+MD5.swift */ = {isa = PBXFileReference; fileEncoding = 4; lastKnownFileType = sourcecode.swift; path = "String+MD5.swift"; sourceTree = "<group>"; };
		16A375771F60BD5700C22D54 /* Marvel Heroes.app */ = {isa = PBXFileReference; explicitFileType = wrapper.application; includeInIndex = 0; path = "Marvel Heroes.app"; sourceTree = BUILT_PRODUCTS_DIR; };
		16A3757A1F60BD5700C22D54 /* AppDelegate.swift */ = {isa = PBXFileReference; lastKnownFileType = sourcecode.swift; path = AppDelegate.swift; sourceTree = "<group>"; };
		16A3757F1F60BD5700C22D54 /* Base */ = {isa = PBXFileReference; lastKnownFileType = file.storyboard; name = Base; path = Base.lproj/Main.storyboard; sourceTree = "<group>"; };
		16A375821F60BD5700C22D54 /* Marvel_Heroes.xcdatamodel */ = {isa = PBXFileReference; lastKnownFileType = wrapper.xcdatamodel; path = Marvel_Heroes.xcdatamodel; sourceTree = "<group>"; };
		16A375841F60BD5700C22D54 /* Assets.xcassets */ = {isa = PBXFileReference; lastKnownFileType = folder.assetcatalog; path = Assets.xcassets; sourceTree = "<group>"; };
		16A375871F60BD5700C22D54 /* Base */ = {isa = PBXFileReference; lastKnownFileType = file.storyboard; name = Base; path = Base.lproj/LaunchScreen.storyboard; sourceTree = "<group>"; };
		16A375891F60BD5700C22D54 /* Info.plist */ = {isa = PBXFileReference; lastKnownFileType = text.plist.xml; path = Info.plist; sourceTree = "<group>"; };
		16A3758E1F60BD5700C22D54 /* Marvel HeroesTests.xctest */ = {isa = PBXFileReference; explicitFileType = wrapper.cfbundle; includeInIndex = 0; path = "Marvel HeroesTests.xctest"; sourceTree = BUILT_PRODUCTS_DIR; };
		16A375921F60BD5700C22D54 /* Marvel_HeroesTests.swift */ = {isa = PBXFileReference; lastKnownFileType = sourcecode.swift; path = Marvel_HeroesTests.swift; sourceTree = "<group>"; };
		16A375941F60BD5700C22D54 /* Info.plist */ = {isa = PBXFileReference; lastKnownFileType = text.plist.xml; path = Info.plist; sourceTree = "<group>"; };
		16A375991F60BD5700C22D54 /* Marvel HeroesUITests.xctest */ = {isa = PBXFileReference; explicitFileType = wrapper.cfbundle; includeInIndex = 0; path = "Marvel HeroesUITests.xctest"; sourceTree = BUILT_PRODUCTS_DIR; };
		16A3759D1F60BD5700C22D54 /* Marvel_HeroesUITests.swift */ = {isa = PBXFileReference; lastKnownFileType = sourcecode.swift; path = Marvel_HeroesUITests.swift; sourceTree = "<group>"; };
		16A3759F1F60BD5700C22D54 /* Info.plist */ = {isa = PBXFileReference; lastKnownFileType = text.plist.xml; path = Info.plist; sourceTree = "<group>"; };
		16A375AC1F60BD8D00C22D54 /* APIKeys.plist */ = {isa = PBXFileReference; fileEncoding = 4; lastKnownFileType = text.plist.xml; path = APIKeys.plist; sourceTree = "<group>"; };
		16A375B41F60C9D500C22D54 /* Hero.swift */ = {isa = PBXFileReference; fileEncoding = 4; lastKnownFileType = sourcecode.swift; path = Hero.swift; sourceTree = "<group>"; };
		16A375B61F60C9E200C22D54 /* MarvelResponse.swift */ = {isa = PBXFileReference; fileEncoding = 4; lastKnownFileType = sourcecode.swift; path = MarvelResponse.swift; sourceTree = "<group>"; };
		16A375B81F60CB9D00C22D54 /* MarvelThumbnail.swift */ = {isa = PBXFileReference; fileEncoding = 4; lastKnownFileType = sourcecode.swift; path = MarvelThumbnail.swift; sourceTree = "<group>"; };
		16A375BA1F60D09C00C22D54 /* Comic.swift */ = {isa = PBXFileReference; fileEncoding = 4; lastKnownFileType = sourcecode.swift; path = Comic.swift; sourceTree = "<group>"; };
		16A375BC1F60D0A800C22D54 /* Story.swift */ = {isa = PBXFileReference; fileEncoding = 4; lastKnownFileType = sourcecode.swift; path = Story.swift; sourceTree = "<group>"; };
		16A375BE1F60D0B200C22D54 /* Event.swift */ = {isa = PBXFileReference; fileEncoding = 4; lastKnownFileType = sourcecode.swift; path = Event.swift; sourceTree = "<group>"; };
		16A375C01F60D0BF00C22D54 /* Serie.swift */ = {isa = PBXFileReference; fileEncoding = 4; lastKnownFileType = sourcecode.swift; path = Serie.swift; sourceTree = "<group>"; };
		16E7675A1F6800E40001EF22 /* Creator.swift */ = {isa = PBXFileReference; fileEncoding = 4; lastKnownFileType = sourcecode.swift; path = Creator.swift; sourceTree = "<group>"; };
		16E7675E1F68191B0001EF22 /* ComicDetailsViewController.swift */ = {isa = PBXFileReference; fileEncoding = 4; lastKnownFileType = sourcecode.swift; path = ComicDetailsViewController.swift; sourceTree = "<group>"; };
		16E767601F68192A0001EF22 /* StoryDetailsViewController.swift */ = {isa = PBXFileReference; fileEncoding = 4; lastKnownFileType = sourcecode.swift; path = StoryDetailsViewController.swift; sourceTree = "<group>"; };
		16E767621F6819390001EF22 /* EventDetailsViewController.swift */ = {isa = PBXFileReference; fileEncoding = 4; lastKnownFileType = sourcecode.swift; path = EventDetailsViewController.swift; sourceTree = "<group>"; };
		16E767641F68194B0001EF22 /* SerieDetailsViewController.swift */ = {isa = PBXFileReference; fileEncoding = 4; lastKnownFileType = sourcecode.swift; path = SerieDetailsViewController.swift; sourceTree = "<group>"; };
		16ED69041F60F4D800F946AE /* ListingHeroesController.swift */ = {isa = PBXFileReference; fileEncoding = 4; lastKnownFileType = sourcecode.swift; path = ListingHeroesController.swift; sourceTree = "<group>"; };
		16ED69061F61BEC800F946AE /* Marvel Heroes-Bridging-Header.h */ = {isa = PBXFileReference; lastKnownFileType = sourcecode.c.h; path = "Marvel Heroes-Bridging-Header.h"; sourceTree = "<group>"; };
		1A0E0C948AF8334095B69CA0 /* Pods-Marvel HeroesUITests.debug.xcconfig */ = {isa = PBXFileReference; includeInIndex = 1; lastKnownFileType = text.xcconfig; name = "Pods-Marvel HeroesUITests.debug.xcconfig"; path = "Pods/Target Support Files/Pods-Marvel HeroesUITests/Pods-Marvel HeroesUITests.debug.xcconfig"; sourceTree = "<group>"; };
		2548C751A0E95F87EDF3F597 /* Pods-Marvel HeroesTests.debug.xcconfig */ = {isa = PBXFileReference; includeInIndex = 1; lastKnownFileType = text.xcconfig; name = "Pods-Marvel HeroesTests.debug.xcconfig"; path = "Pods/Target Support Files/Pods-Marvel HeroesTests/Pods-Marvel HeroesTests.debug.xcconfig"; sourceTree = "<group>"; };
		3B454B0A56F894EF05CD7262 /* Pods_Marvel_Heroes.framework */ = {isa = PBXFileReference; explicitFileType = wrapper.framework; includeInIndex = 0; path = Pods_Marvel_Heroes.framework; sourceTree = BUILT_PRODUCTS_DIR; };
		6000FEC7DEC87E0C81C6B307 /* Pods-Marvel Heroes.release.xcconfig */ = {isa = PBXFileReference; includeInIndex = 1; lastKnownFileType = text.xcconfig; name = "Pods-Marvel Heroes.release.xcconfig"; path = "Pods/Target Support Files/Pods-Marvel Heroes/Pods-Marvel Heroes.release.xcconfig"; sourceTree = "<group>"; };
		BD06156A88E9258938A61B1E /* Pods-Marvel HeroesUITests.release.xcconfig */ = {isa = PBXFileReference; includeInIndex = 1; lastKnownFileType = text.xcconfig; name = "Pods-Marvel HeroesUITests.release.xcconfig"; path = "Pods/Target Support Files/Pods-Marvel HeroesUITests/Pods-Marvel HeroesUITests.release.xcconfig"; sourceTree = "<group>"; };
		D23231B6E53E27CADDEE0C4B /* Pods-Marvel HeroesTests.release.xcconfig */ = {isa = PBXFileReference; includeInIndex = 1; lastKnownFileType = text.xcconfig; name = "Pods-Marvel HeroesTests.release.xcconfig"; path = "Pods/Target Support Files/Pods-Marvel HeroesTests/Pods-Marvel HeroesTests.release.xcconfig"; sourceTree = "<group>"; };
		EB922C7B2DBEFD556A752DD3 /* Pods_Marvel_HeroesTests.framework */ = {isa = PBXFileReference; explicitFileType = wrapper.framework; includeInIndex = 0; path = Pods_Marvel_HeroesTests.framework; sourceTree = BUILT_PRODUCTS_DIR; };
		F30E3D98B42F5B4C0BADFC6E /* Pods_Marvel_HeroesUITests.framework */ = {isa = PBXFileReference; explicitFileType = wrapper.framework; includeInIndex = 0; path = Pods_Marvel_HeroesUITests.framework; sourceTree = BUILT_PRODUCTS_DIR; };
/* End PBXFileReference section */

/* Begin PBXFrameworksBuildPhase section */
		16A375741F60BD5700C22D54 /* Frameworks */ = {
			isa = PBXFrameworksBuildPhase;
			buildActionMask = 2147483647;
			files = (
				051E1C85F51D4789014C635C /* Pods_Marvel_Heroes.framework in Frameworks */,
			);
			runOnlyForDeploymentPostprocessing = 0;
		};
		16A3758B1F60BD5700C22D54 /* Frameworks */ = {
			isa = PBXFrameworksBuildPhase;
			buildActionMask = 2147483647;
			files = (
				3B79A80BB286647D2F6478DD /* Pods_Marvel_HeroesTests.framework in Frameworks */,
			);
			runOnlyForDeploymentPostprocessing = 0;
		};
		16A375961F60BD5700C22D54 /* Frameworks */ = {
			isa = PBXFrameworksBuildPhase;
			buildActionMask = 2147483647;
			files = (
				29DC5CB6832E0B3E2945B6DA /* Pods_Marvel_HeroesUITests.framework in Frameworks */,
			);
			runOnlyForDeploymentPostprocessing = 0;
		};
/* End PBXFrameworksBuildPhase section */

/* Begin PBXGroup section */
		160DA88C1F61F2C300A84312 /* Utils */ = {
			isa = PBXGroup;
			children = (
				162BD33F1F6ABF8100038889 /* Animations */,
				162BD33E1F6ABF6A00038889 /* Data Access */,
				165036261F62E969007CA247 /* String+MD5.swift */,
				162BD33C1F69A3DB00038889 /* Date+StringRepresentation.swift */,
			);
			name = Utils;
			sourceTree = "<group>";
		};
		162BD33E1F6ABF6A00038889 /* Data Access */ = {
			isa = PBXGroup;
			children = (
				16086B931F65C08D0023A3DE /* DataAccessObject.swift */,
				165036141F62C272007CA247 /* HeroDAO.swift */,
				16086B9F1F65CB2D0023A3DE /* ComicDAO.swift */,
				16086BA31F65CD1B0023A3DE /* StoryDAO.swift */,
				16086BA71F65CDE20023A3DE /* EventDAO.swift */,
				16086BAB1F65D07B0023A3DE /* SerieDAO.swift */,
			);
			name = "Data Access";
			sourceTree = "<group>";
		};
		162BD33F1F6ABF8100038889 /* Animations */ = {
			isa = PBXGroup;
			children = (
				162BD3401F6ABFB200038889 /* AnimationController.swift */,
			);
			name = Animations;
			sourceTree = "<group>";
		};
		16A3756E1F60BD5700C22D54 = {
			isa = PBXGroup;
			children = (
				16A375791F60BD5700C22D54 /* Marvel Heroes */,
				16A375911F60BD5700C22D54 /* Marvel HeroesTests */,
				16A3759C1F60BD5700C22D54 /* Marvel HeroesUITests */,
				16A375781F60BD5700C22D54 /* Products */,
				38C2BAC083C7DF8D10370E57 /* Pods */,
				8DB43C5290879B49617D096D /* Frameworks */,
			);
			sourceTree = "<group>";
		};
		16A375781F60BD5700C22D54 /* Products */ = {
			isa = PBXGroup;
			children = (
				16A375771F60BD5700C22D54 /* Marvel Heroes.app */,
				16A3758E1F60BD5700C22D54 /* Marvel HeroesTests.xctest */,
				16A375991F60BD5700C22D54 /* Marvel HeroesUITests.xctest */,
			);
			name = Products;
			sourceTree = "<group>";
		};
		16A375791F60BD5700C22D54 /* Marvel Heroes */ = {
			isa = PBXGroup;
			children = (
				16A3757A1F60BD5700C22D54 /* AppDelegate.swift */,
				16ED69061F61BEC800F946AE /* Marvel Heroes-Bridging-Header.h */,
				160DA88C1F61F2C300A84312 /* Utils */,
				16A375B01F60BDED00C22D54 /* Networking */,
				16A375AF1F60BDE100C22D54 /* Models */,
				16A375AE1F60BDD700C22D54 /* Views */,
				16A375B21F60BE0A00C22D54 /* Controllers */,
				16A375AB1F60BD6900C22D54 /* Resources */,
				16A375861F60BD5700C22D54 /* LaunchScreen.storyboard */,
				16A375891F60BD5700C22D54 /* Info.plist */,
				16A375811F60BD5700C22D54 /* Marvel_Heroes.xcdatamodeld */,
			);
			path = "Marvel Heroes";
			sourceTree = "<group>";
		};
		16A375911F60BD5700C22D54 /* Marvel HeroesTests */ = {
			isa = PBXGroup;
			children = (
				16A375921F60BD5700C22D54 /* Marvel_HeroesTests.swift */,
				16A375941F60BD5700C22D54 /* Info.plist */,
			);
			path = "Marvel HeroesTests";
			sourceTree = "<group>";
		};
		16A3759C1F60BD5700C22D54 /* Marvel HeroesUITests */ = {
			isa = PBXGroup;
			children = (
				16A3759D1F60BD5700C22D54 /* Marvel_HeroesUITests.swift */,
				16A3759F1F60BD5700C22D54 /* Info.plist */,
			);
			path = "Marvel HeroesUITests";
			sourceTree = "<group>";
		};
		16A375AB1F60BD6900C22D54 /* Resources */ = {
			isa = PBXGroup;
			children = (
				16A375AC1F60BD8D00C22D54 /* APIKeys.plist */,
				16A375841F60BD5700C22D54 /* Assets.xcassets */,
			);
			name = Resources;
			sourceTree = "<group>";
		};
		16A375AE1F60BDD700C22D54 /* Views */ = {
			isa = PBXGroup;
			children = (
				16A3757E1F60BD5700C22D54 /* Main.storyboard */,
				16A375B11F60BE0100C22D54 /* Custom Views */,
			);
			name = Views;
			sourceTree = "<group>";
		};
		16A375AF1F60BDE100C22D54 /* Models */ = {
			isa = PBXGroup;
			children = (
				16086B831F65B7230023A3DE /* MarvelList.swift */,
				16A375B81F60CB9D00C22D54 /* MarvelThumbnail.swift */,
				16A375B41F60C9D500C22D54 /* Hero.swift */,
				16A375BA1F60D09C00C22D54 /* Comic.swift */,
				16A375BC1F60D0A800C22D54 /* Story.swift */,
				16A375BE1F60D0B200C22D54 /* Event.swift */,
				16A375C01F60D0BF00C22D54 /* Serie.swift */,
				16E7675A1F6800E40001EF22 /* Creator.swift */,
			);
			name = Models;
			sourceTree = "<group>";
		};
		16A375B01F60BDED00C22D54 /* Networking */ = {
			isa = PBXGroup;
			children = (
				16A375B61F60C9E200C22D54 /* MarvelResponse.swift */,
				162E65191F60EB3500D52460 /* MarvelAPI.swift */,
				160DA88F1F636EEE00A84312 /* MarvelProvider.swift */,
			);
			name = Networking;
			sourceTree = "<group>";
		};
		16A375B11F60BE0100C22D54 /* Custom Views */ = {
			isa = PBXGroup;
			children = (
				162E65171F60E6B600D52460 /* HeroCell.swift */,
			);
			name = "Custom Views";
			sourceTree = "<group>";
		};
		16A375B21F60BE0A00C22D54 /* Controllers */ = {
			isa = PBXGroup;
			children = (
				16ED69041F60F4D800F946AE /* ListingHeroesController.swift */,
				160DA8A21F647B4700A84312 /* HeroDetailsViewController.swift */,
				16E7675E1F68191B0001EF22 /* ComicDetailsViewController.swift */,
				16E767601F68192A0001EF22 /* StoryDetailsViewController.swift */,
				16E767621F6819390001EF22 /* EventDetailsViewController.swift */,
				16E767641F68194B0001EF22 /* SerieDetailsViewController.swift */,
			);
			name = Controllers;
			sourceTree = "<group>";
		};
		38C2BAC083C7DF8D10370E57 /* Pods */ = {
			isa = PBXGroup;
			children = (
				05743ADC685B254F0445030B /* Pods-Marvel Heroes.debug.xcconfig */,
				6000FEC7DEC87E0C81C6B307 /* Pods-Marvel Heroes.release.xcconfig */,
				2548C751A0E95F87EDF3F597 /* Pods-Marvel HeroesTests.debug.xcconfig */,
				D23231B6E53E27CADDEE0C4B /* Pods-Marvel HeroesTests.release.xcconfig */,
				1A0E0C948AF8334095B69CA0 /* Pods-Marvel HeroesUITests.debug.xcconfig */,
				BD06156A88E9258938A61B1E /* Pods-Marvel HeroesUITests.release.xcconfig */,
			);
			name = Pods;
			sourceTree = "<group>";
		};
		8DB43C5290879B49617D096D /* Frameworks */ = {
			isa = PBXGroup;
			children = (
				3B454B0A56F894EF05CD7262 /* Pods_Marvel_Heroes.framework */,
				EB922C7B2DBEFD556A752DD3 /* Pods_Marvel_HeroesTests.framework */,
				F30E3D98B42F5B4C0BADFC6E /* Pods_Marvel_HeroesUITests.framework */,
			);
			name = Frameworks;
			sourceTree = "<group>";
		};
/* End PBXGroup section */

/* Begin PBXNativeTarget section */
		16A375761F60BD5700C22D54 /* Marvel Heroes */ = {
			isa = PBXNativeTarget;
			buildConfigurationList = 16A375A21F60BD5700C22D54 /* Build configuration list for PBXNativeTarget "Marvel Heroes" */;
			buildPhases = (
				A272A2EC29339E9451CF7C71 /* [CP] Check Pods Manifest.lock */,
				16A375731F60BD5700C22D54 /* Sources */,
				16A375741F60BD5700C22D54 /* Frameworks */,
				16A375751F60BD5700C22D54 /* Resources */,
				C8141A48C14714E833844637 /* [CP] Embed Pods Frameworks */,
				8637BF248BCEAB0AC806547D /* [CP] Copy Pods Resources */,
			);
			buildRules = (
			);
			dependencies = (
			);
			name = "Marvel Heroes";
			productName = "Marvel Heroes";
			productReference = 16A375771F60BD5700C22D54 /* Marvel Heroes.app */;
			productType = "com.apple.product-type.application";
		};
		16A3758D1F60BD5700C22D54 /* Marvel HeroesTests */ = {
			isa = PBXNativeTarget;
			buildConfigurationList = 16A375A51F60BD5700C22D54 /* Build configuration list for PBXNativeTarget "Marvel HeroesTests" */;
			buildPhases = (
				F5306485E260CD77183B210A /* [CP] Check Pods Manifest.lock */,
				16A3758A1F60BD5700C22D54 /* Sources */,
				16A3758B1F60BD5700C22D54 /* Frameworks */,
				16A3758C1F60BD5700C22D54 /* Resources */,
				E804E07206EA04FC207F339B /* [CP] Embed Pods Frameworks */,
				4FBEE9E5C7D3D0E8E612EA01 /* [CP] Copy Pods Resources */,
			);
			buildRules = (
			);
			dependencies = (
				16A375901F60BD5700C22D54 /* PBXTargetDependency */,
			);
			name = "Marvel HeroesTests";
			productName = "Marvel HeroesTests";
			productReference = 16A3758E1F60BD5700C22D54 /* Marvel HeroesTests.xctest */;
			productType = "com.apple.product-type.bundle.unit-test";
		};
		16A375981F60BD5700C22D54 /* Marvel HeroesUITests */ = {
			isa = PBXNativeTarget;
			buildConfigurationList = 16A375A81F60BD5700C22D54 /* Build configuration list for PBXNativeTarget "Marvel HeroesUITests" */;
			buildPhases = (
				5ECE8047FC9F88EE99EC4F5D /* [CP] Check Pods Manifest.lock */,
				16A375951F60BD5700C22D54 /* Sources */,
				16A375961F60BD5700C22D54 /* Frameworks */,
				16A375971F60BD5700C22D54 /* Resources */,
				AE695584EA7504BB82A45476 /* [CP] Embed Pods Frameworks */,
				F0451C18D6DFC06B37256B56 /* [CP] Copy Pods Resources */,
			);
			buildRules = (
			);
			dependencies = (
				16A3759B1F60BD5700C22D54 /* PBXTargetDependency */,
			);
			name = "Marvel HeroesUITests";
			productName = "Marvel HeroesUITests";
			productReference = 16A375991F60BD5700C22D54 /* Marvel HeroesUITests.xctest */;
			productType = "com.apple.product-type.bundle.ui-testing";
		};
/* End PBXNativeTarget section */

/* Begin PBXProject section */
		16A3756F1F60BD5700C22D54 /* Project object */ = {
			isa = PBXProject;
			attributes = {
				LastSwiftUpdateCheck = 0830;
				LastUpgradeCheck = 0830;
				ORGANIZATIONNAME = "Rafael Moura";
				TargetAttributes = {
					16A375761F60BD5700C22D54 = {
						CreatedOnToolsVersion = 8.3.3;
						DevelopmentTeam = JZQX6YK7KS;
						LastSwiftMigration = 0830;
						ProvisioningStyle = Automatic;
					};
					16A3758D1F60BD5700C22D54 = {
						CreatedOnToolsVersion = 8.3.3;
						DevelopmentTeam = JZQX6YK7KS;
						LastSwiftMigration = 0830;
						ProvisioningStyle = Automatic;
						TestTargetID = 16A375761F60BD5700C22D54;
					};
					16A375981F60BD5700C22D54 = {
						CreatedOnToolsVersion = 8.3.3;
						DevelopmentTeam = JZQX6YK7KS;
						LastSwiftMigration = 0830;
						ProvisioningStyle = Automatic;
						TestTargetID = 16A375761F60BD5700C22D54;
					};
				};
			};
			buildConfigurationList = 16A375721F60BD5700C22D54 /* Build configuration list for PBXProject "Marvel Heroes" */;
			compatibilityVersion = "Xcode 3.2";
			developmentRegion = English;
			hasScannedForEncodings = 0;
			knownRegions = (
				en,
				Base,
			);
			mainGroup = 16A3756E1F60BD5700C22D54;
			productRefGroup = 16A375781F60BD5700C22D54 /* Products */;
			projectDirPath = "";
			projectRoot = "";
			targets = (
				16A375761F60BD5700C22D54 /* Marvel Heroes */,
				16A3758D1F60BD5700C22D54 /* Marvel HeroesTests */,
				16A375981F60BD5700C22D54 /* Marvel HeroesUITests */,
			);
		};
/* End PBXProject section */

/* Begin PBXResourcesBuildPhase section */
		16A375751F60BD5700C22D54 /* Resources */ = {
			isa = PBXResourcesBuildPhase;
			buildActionMask = 2147483647;
			files = (
				16A375881F60BD5700C22D54 /* LaunchScreen.storyboard in Resources */,
				16A375AD1F60BD8D00C22D54 /* APIKeys.plist in Resources */,
				16A375851F60BD5700C22D54 /* Assets.xcassets in Resources */,
				16A375801F60BD5700C22D54 /* Main.storyboard in Resources */,
			);
			runOnlyForDeploymentPostprocessing = 0;
		};
		16A3758C1F60BD5700C22D54 /* Resources */ = {
			isa = PBXResourcesBuildPhase;
			buildActionMask = 2147483647;
			files = (
			);
			runOnlyForDeploymentPostprocessing = 0;
		};
		16A375971F60BD5700C22D54 /* Resources */ = {
			isa = PBXResourcesBuildPhase;
			buildActionMask = 2147483647;
			files = (
			);
			runOnlyForDeploymentPostprocessing = 0;
		};
/* End PBXResourcesBuildPhase section */

/* Begin PBXShellScriptBuildPhase section */
		4FBEE9E5C7D3D0E8E612EA01 /* [CP] Copy Pods Resources */ = {
			isa = PBXShellScriptBuildPhase;
			buildActionMask = 2147483647;
			files = (
			);
			inputPaths = (
			);
			name = "[CP] Copy Pods Resources";
			outputPaths = (
			);
			runOnlyForDeploymentPostprocessing = 0;
			shellPath = /bin/sh;
			shellScript = "\"${SRCROOT}/Pods/Target Support Files/Pods-Marvel HeroesTests/Pods-Marvel HeroesTests-resources.sh\"\n";
			showEnvVarsInLog = 0;
		};
		5ECE8047FC9F88EE99EC4F5D /* [CP] Check Pods Manifest.lock */ = {
			isa = PBXShellScriptBuildPhase;
			buildActionMask = 2147483647;
			files = (
			);
			inputPaths = (
				"${PODS_PODFILE_DIR_PATH}/Podfile.lock",
				"${PODS_ROOT}/Manifest.lock",
			);
			name = "[CP] Check Pods Manifest.lock";
			outputPaths = (
				"$(DERIVED_FILE_DIR)/Pods-Marvel HeroesUITests-checkManifestLockResult.txt",
			);
			runOnlyForDeploymentPostprocessing = 0;
			shellPath = /bin/sh;
			shellScript = "diff \"${PODS_ROOT}/../Podfile.lock\" \"${PODS_ROOT}/Manifest.lock\" > /dev/null\nif [ $? != 0 ] ; then\n    # print error to STDERR\n    echo \"error: The sandbox is not in sync with the Podfile.lock. Run 'pod install' or update your CocoaPods installation.\" >&2\n    exit 1\nfi\n";
			showEnvVarsInLog = 0;
		};
		8637BF248BCEAB0AC806547D /* [CP] Copy Pods Resources */ = {
			isa = PBXShellScriptBuildPhase;
			buildActionMask = 2147483647;
			files = (
			);
			inputPaths = (
			);
			name = "[CP] Copy Pods Resources";
			outputPaths = (
			);
			runOnlyForDeploymentPostprocessing = 0;
			shellPath = /bin/sh;
			shellScript = "\"${SRCROOT}/Pods/Target Support Files/Pods-Marvel Heroes/Pods-Marvel Heroes-resources.sh\"\n";
			showEnvVarsInLog = 0;
		};
		A272A2EC29339E9451CF7C71 /* [CP] Check Pods Manifest.lock */ = {
			isa = PBXShellScriptBuildPhase;
			buildActionMask = 2147483647;
			files = (
			);
			inputPaths = (
				"${PODS_PODFILE_DIR_PATH}/Podfile.lock",
				"${PODS_ROOT}/Manifest.lock",
			);
			name = "[CP] Check Pods Manifest.lock";
			outputPaths = (
				"$(DERIVED_FILE_DIR)/Pods-Marvel Heroes-checkManifestLockResult.txt",
			);
			runOnlyForDeploymentPostprocessing = 0;
			shellPath = /bin/sh;
			shellScript = "diff \"${PODS_ROOT}/../Podfile.lock\" \"${PODS_ROOT}/Manifest.lock\" > /dev/null\nif [ $? != 0 ] ; then\n    # print error to STDERR\n    echo \"error: The sandbox is not in sync with the Podfile.lock. Run 'pod install' or update your CocoaPods installation.\" >&2\n    exit 1\nfi\n";
			showEnvVarsInLog = 0;
		};
		AE695584EA7504BB82A45476 /* [CP] Embed Pods Frameworks */ = {
			isa = PBXShellScriptBuildPhase;
			buildActionMask = 2147483647;
			files = (
			);
			inputPaths = (
				"${SRCROOT}/Pods/Target Support Files/Pods-Marvel HeroesUITests/Pods-Marvel HeroesUITests-frameworks.sh",
				"${BUILT_PRODUCTS_DIR}/Alamofire/Alamofire.framework",
				"${BUILT_PRODUCTS_DIR}/Moya/Moya.framework",
				"${BUILT_PRODUCTS_DIR}/Result/Result.framework",
			);
			name = "[CP] Embed Pods Frameworks";
			outputPaths = (
				"${TARGET_BUILD_DIR}/${FRAMEWORKS_FOLDER_PATH}/Alamofire.framework",
				"${TARGET_BUILD_DIR}/${FRAMEWORKS_FOLDER_PATH}/Moya.framework",
				"${TARGET_BUILD_DIR}/${FRAMEWORKS_FOLDER_PATH}/Result.framework",
			);
			runOnlyForDeploymentPostprocessing = 0;
			shellPath = /bin/sh;
			shellScript = "\"${SRCROOT}/Pods/Target Support Files/Pods-Marvel HeroesUITests/Pods-Marvel HeroesUITests-frameworks.sh\"\n";
			showEnvVarsInLog = 0;
		};
		C8141A48C14714E833844637 /* [CP] Embed Pods Frameworks */ = {
			isa = PBXShellScriptBuildPhase;
			buildActionMask = 2147483647;
			files = (
			);
			inputPaths = (
				"${SRCROOT}/Pods/Target Support Files/Pods-Marvel Heroes/Pods-Marvel Heroes-frameworks.sh",
				"${BUILT_PRODUCTS_DIR}/Alamofire/Alamofire.framework",
				"${BUILT_PRODUCTS_DIR}/Kingfisher/Kingfisher.framework",
				"${BUILT_PRODUCTS_DIR}/Moya/Moya.framework",
				"${BUILT_PRODUCTS_DIR}/Result/Result.framework",
			);
			name = "[CP] Embed Pods Frameworks";
			outputPaths = (
				"${TARGET_BUILD_DIR}/${FRAMEWORKS_FOLDER_PATH}/Alamofire.framework",
				"${TARGET_BUILD_DIR}/${FRAMEWORKS_FOLDER_PATH}/Kingfisher.framework",
				"${TARGET_BUILD_DIR}/${FRAMEWORKS_FOLDER_PATH}/Moya.framework",
				"${TARGET_BUILD_DIR}/${FRAMEWORKS_FOLDER_PATH}/Result.framework",
			);
			runOnlyForDeploymentPostprocessing = 0;
			shellPath = /bin/sh;
			shellScript = "\"${SRCROOT}/Pods/Target Support Files/Pods-Marvel Heroes/Pods-Marvel Heroes-frameworks.sh\"\n";
			showEnvVarsInLog = 0;
		};
		E804E07206EA04FC207F339B /* [CP] Embed Pods Frameworks */ = {
			isa = PBXShellScriptBuildPhase;
			buildActionMask = 2147483647;
			files = (
			);
			inputPaths = (
				"${SRCROOT}/Pods/Target Support Files/Pods-Marvel HeroesTests/Pods-Marvel HeroesTests-frameworks.sh",
				"${BUILT_PRODUCTS_DIR}/Alamofire/Alamofire.framework",
				"${BUILT_PRODUCTS_DIR}/Moya/Moya.framework",
				"${BUILT_PRODUCTS_DIR}/Result/Result.framework",
			);
			name = "[CP] Embed Pods Frameworks";
			outputPaths = (
				"${TARGET_BUILD_DIR}/${FRAMEWORKS_FOLDER_PATH}/Alamofire.framework",
				"${TARGET_BUILD_DIR}/${FRAMEWORKS_FOLDER_PATH}/Moya.framework",
				"${TARGET_BUILD_DIR}/${FRAMEWORKS_FOLDER_PATH}/Result.framework",
			);
			runOnlyForDeploymentPostprocessing = 0;
			shellPath = /bin/sh;
			shellScript = "\"${SRCROOT}/Pods/Target Support Files/Pods-Marvel HeroesTests/Pods-Marvel HeroesTests-frameworks.sh\"\n";
			showEnvVarsInLog = 0;
		};
		F0451C18D6DFC06B37256B56 /* [CP] Copy Pods Resources */ = {
			isa = PBXShellScriptBuildPhase;
			buildActionMask = 2147483647;
			files = (
			);
			inputPaths = (
			);
			name = "[CP] Copy Pods Resources";
			outputPaths = (
			);
			runOnlyForDeploymentPostprocessing = 0;
			shellPath = /bin/sh;
			shellScript = "\"${SRCROOT}/Pods/Target Support Files/Pods-Marvel HeroesUITests/Pods-Marvel HeroesUITests-resources.sh\"\n";
			showEnvVarsInLog = 0;
		};
		F5306485E260CD77183B210A /* [CP] Check Pods Manifest.lock */ = {
			isa = PBXShellScriptBuildPhase;
			buildActionMask = 2147483647;
			files = (
			);
			inputPaths = (
				"${PODS_PODFILE_DIR_PATH}/Podfile.lock",
				"${PODS_ROOT}/Manifest.lock",
			);
			name = "[CP] Check Pods Manifest.lock";
			outputPaths = (
				"$(DERIVED_FILE_DIR)/Pods-Marvel HeroesTests-checkManifestLockResult.txt",
			);
			runOnlyForDeploymentPostprocessing = 0;
			shellPath = /bin/sh;
			shellScript = "diff \"${PODS_ROOT}/../Podfile.lock\" \"${PODS_ROOT}/Manifest.lock\" > /dev/null\nif [ $? != 0 ] ; then\n    # print error to STDERR\n    echo \"error: The sandbox is not in sync with the Podfile.lock. Run 'pod install' or update your CocoaPods installation.\" >&2\n    exit 1\nfi\n";
			showEnvVarsInLog = 0;
		};
/* End PBXShellScriptBuildPhase section */

/* Begin PBXSourcesBuildPhase section */
		16A375731F60BD5700C22D54 /* Sources */ = {
			isa = PBXSourcesBuildPhase;
			buildActionMask = 2147483647;
			files = (
				162E651A1F60EB3500D52460 /* MarvelAPI.swift in Sources */,
				16086B841F65B7230023A3DE /* MarvelList.swift in Sources */,
				16E767631F6819390001EF22 /* EventDetailsViewController.swift in Sources */,
				16086BA41F65CD1B0023A3DE /* StoryDAO.swift in Sources */,
				16A375831F60BD5700C22D54 /* Marvel_Heroes.xcdatamodeld in Sources */,
				16A375BF1F60D0B200C22D54 /* Event.swift in Sources */,
				160DA8901F636EEE00A84312 /* MarvelProvider.swift in Sources */,
				165036151F62C272007CA247 /* HeroDAO.swift in Sources */,
				162BD3411F6ABFB200038889 /* AnimationController.swift in Sources */,
				16A375BB1F60D09C00C22D54 /* Comic.swift in Sources */,
				162BD33D1F69A3DB00038889 /* Date+StringRepresentation.swift in Sources */,
				16E767611F68192A0001EF22 /* StoryDetailsViewController.swift in Sources */,
				16086BA81F65CDE20023A3DE /* EventDAO.swift in Sources */,
				16ED69051F60F4D800F946AE /* ListingHeroesController.swift in Sources */,
				16A375C11F60D0BF00C22D54 /* Serie.swift in Sources */,
				16086BAC1F65D07B0023A3DE /* SerieDAO.swift in Sources */,
				16A3757B1F60BD5700C22D54 /* AppDelegate.swift in Sources */,
				16A375B71F60C9E200C22D54 /* MarvelResponse.swift in Sources */,
				16E7675F1F68191B0001EF22 /* ComicDetailsViewController.swift in Sources */,
				165036271F62E969007CA247 /* String+MD5.swift in Sources */,
				16A375BD1F60D0A800C22D54 /* Story.swift in Sources */,
				16086B941F65C08D0023A3DE /* DataAccessObject.swift in Sources */,
				16E767651F68194B0001EF22 /* SerieDetailsViewController.swift in Sources */,
				162E65181F60E6B600D52460 /* HeroCell.swift in Sources */,
				160DA8A31F647B4700A84312 /* HeroDetailsViewController.swift in Sources */,
				16086BA01F65CB2D0023A3DE /* ComicDAO.swift in Sources */,
				16A375B91F60CB9D00C22D54 /* MarvelThumbnail.swift in Sources */,
				16E7675B1F6800E40001EF22 /* Creator.swift in Sources */,
				16A375B51F60C9D500C22D54 /* Hero.swift in Sources */,
			);
			runOnlyForDeploymentPostprocessing = 0;
		};
		16A3758A1F60BD5700C22D54 /* Sources */ = {
			isa = PBXSourcesBuildPhase;
			buildActionMask = 2147483647;
			files = (
				165036201F62E6A7007CA247 /* Event.swift in Sources */,
				16086B851F65B90A0023A3DE /* MarvelList.swift in Sources */,
				1650361E1F62E6A4007CA247 /* Story.swift in Sources */,
				160DA8961F637C2300A84312 /* MarvelProvider.swift in Sources */,
				16A375931F60BD5700C22D54 /* Marvel_HeroesTests.swift in Sources */,
				1650361C1F62E6A1007CA247 /* Comic.swift in Sources */,
				16086B951F65C0A40023A3DE /* DataAccessObject.swift in Sources */,
				16086BA11F65CB310023A3DE /* ComicDAO.swift in Sources */,
				1650361A1F62E696007CA247 /* MarvelThumbnail.swift in Sources */,
				160DA89C1F640FB000A84312 /* HeroDAO.swift in Sources */,
				165036221F62E6AA007CA247 /* Serie.swift in Sources */,
				165036181F62E693007CA247 /* MarvelResponse.swift in Sources */,
				16086BA91F65CEFB0023A3DE /* EventDAO.swift in Sources */,
				16086BAD1F65D0880023A3DE /* SerieDAO.swift in Sources */,
				165036281F633919007CA247 /* String+MD5.swift in Sources */,
				16ED69021F60F42300F946AE /* MarvelAPI.swift in Sources */,
				16086BA51F65CD1D0023A3DE /* StoryDAO.swift in Sources */,
				160DA88D1F61FB2800A84312 /* Hero.swift in Sources */,
				16E7675C1F6801600001EF22 /* Creator.swift in Sources */,
			);
			runOnlyForDeploymentPostprocessing = 0;
		};
		16A375951F60BD5700C22D54 /* Sources */ = {
			isa = PBXSourcesBuildPhase;
			buildActionMask = 2147483647;
			files = (
				165036211F62E6A7007CA247 /* Event.swift in Sources */,
				16086B861F65B90B0023A3DE /* MarvelList.swift in Sources */,
				1650361F1F62E6A4007CA247 /* Story.swift in Sources */,
				160DA8951F637C2300A84312 /* MarvelProvider.swift in Sources */,
				16A3759E1F60BD5700C22D54 /* Marvel_HeroesUITests.swift in Sources */,
				1650361D1F62E6A2007CA247 /* Comic.swift in Sources */,
				16086B961F65C0A40023A3DE /* DataAccessObject.swift in Sources */,
				16086BA21F65CB310023A3DE /* ComicDAO.swift in Sources */,
				1650361B1F62E697007CA247 /* MarvelThumbnail.swift in Sources */,
				160DA89D1F640FB100A84312 /* HeroDAO.swift in Sources */,
				165036231F62E6AA007CA247 /* Serie.swift in Sources */,
				165036191F62E693007CA247 /* MarvelResponse.swift in Sources */,
				16086BAA1F65CEFB0023A3DE /* EventDAO.swift in Sources */,
				16086BAE1F65D0890023A3DE /* SerieDAO.swift in Sources */,
				165036291F63391A007CA247 /* String+MD5.swift in Sources */,
				16ED69031F60F42400F946AE /* MarvelAPI.swift in Sources */,
				16086BA61F65CD1D0023A3DE /* StoryDAO.swift in Sources */,
				160DA88E1F61FB2900A84312 /* Hero.swift in Sources */,
				16E7675D1F6801610001EF22 /* Creator.swift in Sources */,
			);
			runOnlyForDeploymentPostprocessing = 0;
		};
/* End PBXSourcesBuildPhase section */

/* Begin PBXTargetDependency section */
		16A375901F60BD5700C22D54 /* PBXTargetDependency */ = {
			isa = PBXTargetDependency;
			target = 16A375761F60BD5700C22D54 /* Marvel Heroes */;
			targetProxy = 16A3758F1F60BD5700C22D54 /* PBXContainerItemProxy */;
		};
		16A3759B1F60BD5700C22D54 /* PBXTargetDependency */ = {
			isa = PBXTargetDependency;
			target = 16A375761F60BD5700C22D54 /* Marvel Heroes */;
			targetProxy = 16A3759A1F60BD5700C22D54 /* PBXContainerItemProxy */;
		};
/* End PBXTargetDependency section */

/* Begin PBXVariantGroup section */
		16A3757E1F60BD5700C22D54 /* Main.storyboard */ = {
			isa = PBXVariantGroup;
			children = (
				16A3757F1F60BD5700C22D54 /* Base */,
			);
			name = Main.storyboard;
			sourceTree = "<group>";
		};
		16A375861F60BD5700C22D54 /* LaunchScreen.storyboard */ = {
			isa = PBXVariantGroup;
			children = (
				16A375871F60BD5700C22D54 /* Base */,
			);
			name = LaunchScreen.storyboard;
			sourceTree = "<group>";
		};
/* End PBXVariantGroup section */

/* Begin XCBuildConfiguration section */
		16A375A01F60BD5700C22D54 /* Debug */ = {
			isa = XCBuildConfiguration;
			buildSettings = {
				ALWAYS_SEARCH_USER_PATHS = NO;
				CLANG_ANALYZER_NONNULL = YES;
				CLANG_ANALYZER_NUMBER_OBJECT_CONVERSION = YES_AGGRESSIVE;
				CLANG_CXX_LANGUAGE_STANDARD = "gnu++0x";
				CLANG_CXX_LIBRARY = "libc++";
				CLANG_ENABLE_MODULES = YES;
				CLANG_ENABLE_OBJC_ARC = YES;
				CLANG_WARN_BOOL_CONVERSION = YES;
				CLANG_WARN_CONSTANT_CONVERSION = YES;
				CLANG_WARN_DIRECT_OBJC_ISA_USAGE = YES_ERROR;
				CLANG_WARN_DOCUMENTATION_COMMENTS = YES;
				CLANG_WARN_EMPTY_BODY = YES;
				CLANG_WARN_ENUM_CONVERSION = YES;
				CLANG_WARN_INFINITE_RECURSION = YES;
				CLANG_WARN_INT_CONVERSION = YES;
				CLANG_WARN_OBJC_ROOT_CLASS = YES_ERROR;
				CLANG_WARN_SUSPICIOUS_MOVE = YES;
				CLANG_WARN_UNREACHABLE_CODE = YES;
				CLANG_WARN__DUPLICATE_METHOD_MATCH = YES;
				"CODE_SIGN_IDENTITY[sdk=iphoneos*]" = "iPhone Developer";
				COPY_PHASE_STRIP = NO;
				DEBUG_INFORMATION_FORMAT = dwarf;
				ENABLE_STRICT_OBJC_MSGSEND = YES;
				ENABLE_TESTABILITY = YES;
				GCC_C_LANGUAGE_STANDARD = gnu99;
				GCC_DYNAMIC_NO_PIC = NO;
				GCC_NO_COMMON_BLOCKS = YES;
				GCC_OPTIMIZATION_LEVEL = 0;
				GCC_PREPROCESSOR_DEFINITIONS = (
					"DEBUG=1",
					"$(inherited)",
				);
				GCC_WARN_64_TO_32_BIT_CONVERSION = YES;
				GCC_WARN_ABOUT_RETURN_TYPE = YES_ERROR;
				GCC_WARN_UNDECLARED_SELECTOR = YES;
				GCC_WARN_UNINITIALIZED_AUTOS = YES_AGGRESSIVE;
				GCC_WARN_UNUSED_FUNCTION = YES;
				GCC_WARN_UNUSED_VARIABLE = YES;
				IPHONEOS_DEPLOYMENT_TARGET = 10.3;
				MTL_ENABLE_DEBUG_INFO = YES;
				ONLY_ACTIVE_ARCH = YES;
				SDKROOT = iphoneos;
				SWIFT_ACTIVE_COMPILATION_CONDITIONS = DEBUG;
				SWIFT_OPTIMIZATION_LEVEL = "-Onone";
				TARGETED_DEVICE_FAMILY = "1,2";
			};
			name = Debug;
		};
		16A375A11F60BD5700C22D54 /* Release */ = {
			isa = XCBuildConfiguration;
			buildSettings = {
				ALWAYS_SEARCH_USER_PATHS = NO;
				CLANG_ANALYZER_NONNULL = YES;
				CLANG_ANALYZER_NUMBER_OBJECT_CONVERSION = YES_AGGRESSIVE;
				CLANG_CXX_LANGUAGE_STANDARD = "gnu++0x";
				CLANG_CXX_LIBRARY = "libc++";
				CLANG_ENABLE_MODULES = YES;
				CLANG_ENABLE_OBJC_ARC = YES;
				CLANG_WARN_BOOL_CONVERSION = YES;
				CLANG_WARN_CONSTANT_CONVERSION = YES;
				CLANG_WARN_DIRECT_OBJC_ISA_USAGE = YES_ERROR;
				CLANG_WARN_DOCUMENTATION_COMMENTS = YES;
				CLANG_WARN_EMPTY_BODY = YES;
				CLANG_WARN_ENUM_CONVERSION = YES;
				CLANG_WARN_INFINITE_RECURSION = YES;
				CLANG_WARN_INT_CONVERSION = YES;
				CLANG_WARN_OBJC_ROOT_CLASS = YES_ERROR;
				CLANG_WARN_SUSPICIOUS_MOVE = YES;
				CLANG_WARN_UNREACHABLE_CODE = YES;
				CLANG_WARN__DUPLICATE_METHOD_MATCH = YES;
				"CODE_SIGN_IDENTITY[sdk=iphoneos*]" = "iPhone Developer";
				COPY_PHASE_STRIP = NO;
				DEBUG_INFORMATION_FORMAT = "dwarf-with-dsym";
				ENABLE_NS_ASSERTIONS = NO;
				ENABLE_STRICT_OBJC_MSGSEND = YES;
				GCC_C_LANGUAGE_STANDARD = gnu99;
				GCC_NO_COMMON_BLOCKS = YES;
				GCC_WARN_64_TO_32_BIT_CONVERSION = YES;
				GCC_WARN_ABOUT_RETURN_TYPE = YES_ERROR;
				GCC_WARN_UNDECLARED_SELECTOR = YES;
				GCC_WARN_UNINITIALIZED_AUTOS = YES_AGGRESSIVE;
				GCC_WARN_UNUSED_FUNCTION = YES;
				GCC_WARN_UNUSED_VARIABLE = YES;
				IPHONEOS_DEPLOYMENT_TARGET = 10.3;
				MTL_ENABLE_DEBUG_INFO = NO;
				SDKROOT = iphoneos;
				SWIFT_OPTIMIZATION_LEVEL = "-Owholemodule";
				TARGETED_DEVICE_FAMILY = "1,2";
				VALIDATE_PRODUCT = YES;
			};
			name = Release;
		};
		16A375A31F60BD5700C22D54 /* Debug */ = {
			isa = XCBuildConfiguration;
			baseConfigurationReference = 05743ADC685B254F0445030B /* Pods-Marvel Heroes.debug.xcconfig */;
			buildSettings = {
				ALWAYS_EMBED_SWIFT_STANDARD_LIBRARIES = NO;
				ASSETCATALOG_COMPILER_APPICON_NAME = AppIcon;
				CLANG_ENABLE_MODULES = YES;
				DEVELOPMENT_TEAM = JZQX6YK7KS;
				INFOPLIST_FILE = "Marvel Heroes/Info.plist";
				IPHONEOS_DEPLOYMENT_TARGET = 10.0;
				LD_RUNPATH_SEARCH_PATHS = "$(inherited) @executable_path/Frameworks";
				PRODUCT_BUNDLE_IDENTIFIER = "com.rafael.moura.Marvel-Heroes";
				PRODUCT_NAME = "$(TARGET_NAME)";
				SWIFT_OBJC_BRIDGING_HEADER = "Marvel Heroes/Marvel Heroes-Bridging-Header.h";
				SWIFT_OPTIMIZATION_LEVEL = "-Onone";
				SWIFT_VERSION = 3.0;
			};
			name = Debug;
		};
		16A375A41F60BD5700C22D54 /* Release */ = {
			isa = XCBuildConfiguration;
			baseConfigurationReference = 6000FEC7DEC87E0C81C6B307 /* Pods-Marvel Heroes.release.xcconfig */;
			buildSettings = {
				ALWAYS_EMBED_SWIFT_STANDARD_LIBRARIES = NO;
				ASSETCATALOG_COMPILER_APPICON_NAME = AppIcon;
				CLANG_ENABLE_MODULES = YES;
				DEVELOPMENT_TEAM = JZQX6YK7KS;
				INFOPLIST_FILE = "Marvel Heroes/Info.plist";
				IPHONEOS_DEPLOYMENT_TARGET = 10.0;
				LD_RUNPATH_SEARCH_PATHS = "$(inherited) @executable_path/Frameworks";
				PRODUCT_BUNDLE_IDENTIFIER = "com.rafael.moura.Marvel-Heroes";
				PRODUCT_NAME = "$(TARGET_NAME)";
				SWIFT_OBJC_BRIDGING_HEADER = "Marvel Heroes/Marvel Heroes-Bridging-Header.h";
				SWIFT_VERSION = 3.0;
			};
			name = Release;
		};
		16A375A61F60BD5700C22D54 /* Debug */ = {
			isa = XCBuildConfiguration;
			baseConfigurationReference = 2548C751A0E95F87EDF3F597 /* Pods-Marvel HeroesTests.debug.xcconfig */;
			buildSettings = {
				ALWAYS_EMBED_SWIFT_STANDARD_LIBRARIES = NO;
				BUNDLE_LOADER = "$(TEST_HOST)";
				DEVELOPMENT_TEAM = JZQX6YK7KS;
				INFOPLIST_FILE = "Marvel HeroesTests/Info.plist";
				LD_RUNPATH_SEARCH_PATHS = "$(inherited) @executable_path/Frameworks @loader_path/Frameworks";
				PRODUCT_BUNDLE_IDENTIFIER = "com.rafael.moura.Marvel-HeroesTests";
				PRODUCT_NAME = "$(TARGET_NAME)";
				SWIFT_OBJC_BRIDGING_HEADER = "Marvel Heroes/Marvel Heroes-Bridging-Header.h";
				SWIFT_VERSION = 3.0;
				TEST_HOST = "$(BUILT_PRODUCTS_DIR)/Marvel Heroes.app/Marvel Heroes";
			};
			name = Debug;
		};
		16A375A71F60BD5700C22D54 /* Release */ = {
			isa = XCBuildConfiguration;
			baseConfigurationReference = D23231B6E53E27CADDEE0C4B /* Pods-Marvel HeroesTests.release.xcconfig */;
			buildSettings = {
				ALWAYS_EMBED_SWIFT_STANDARD_LIBRARIES = NO;
				BUNDLE_LOADER = "$(TEST_HOST)";
				DEVELOPMENT_TEAM = JZQX6YK7KS;
				INFOPLIST_FILE = "Marvel HeroesTests/Info.plist";
				LD_RUNPATH_SEARCH_PATHS = "$(inherited) @executable_path/Frameworks @loader_path/Frameworks";
				PRODUCT_BUNDLE_IDENTIFIER = "com.rafael.moura.Marvel-HeroesTests";
				PRODUCT_NAME = "$(TARGET_NAME)";
				SWIFT_OBJC_BRIDGING_HEADER = "Marvel Heroes/Marvel Heroes-Bridging-Header.h";
				SWIFT_VERSION = 3.0;
				TEST_HOST = "$(BUILT_PRODUCTS_DIR)/Marvel Heroes.app/Marvel Heroes";
			};
			name = Release;
		};
		16A375A91F60BD5700C22D54 /* Debug */ = {
			isa = XCBuildConfiguration;
			baseConfigurationReference = 1A0E0C948AF8334095B69CA0 /* Pods-Marvel HeroesUITests.debug.xcconfig */;
			buildSettings = {
				ALWAYS_EMBED_SWIFT_STANDARD_LIBRARIES = NO;
				DEVELOPMENT_TEAM = JZQX6YK7KS;
				INFOPLIST_FILE = "Marvel HeroesUITests/Info.plist";
				LD_RUNPATH_SEARCH_PATHS = "$(inherited) @executable_path/Frameworks @loader_path/Frameworks";
				PRODUCT_BUNDLE_IDENTIFIER = "com.rafael.moura.Marvel-HeroesUITests";
				PRODUCT_NAME = "$(TARGET_NAME)";
				SWIFT_OBJC_BRIDGING_HEADER = "Marvel Heroes/Marvel Heroes-Bridging-Header.h";
				SWIFT_VERSION = 3.0;
				TEST_TARGET_NAME = "Marvel Heroes";
			};
			name = Debug;
		};
		16A375AA1F60BD5700C22D54 /* Release */ = {
			isa = XCBuildConfiguration;
			baseConfigurationReference = BD06156A88E9258938A61B1E /* Pods-Marvel HeroesUITests.release.xcconfig */;
			buildSettings = {
				ALWAYS_EMBED_SWIFT_STANDARD_LIBRARIES = NO;
				DEVELOPMENT_TEAM = JZQX6YK7KS;
				INFOPLIST_FILE = "Marvel HeroesUITests/Info.plist";
				LD_RUNPATH_SEARCH_PATHS = "$(inherited) @executable_path/Frameworks @loader_path/Frameworks";
				PRODUCT_BUNDLE_IDENTIFIER = "com.rafael.moura.Marvel-HeroesUITests";
				PRODUCT_NAME = "$(TARGET_NAME)";
				SWIFT_OBJC_BRIDGING_HEADER = "Marvel Heroes/Marvel Heroes-Bridging-Header.h";
				SWIFT_VERSION = 3.0;
				TEST_TARGET_NAME = "Marvel Heroes";
			};
			name = Release;
		};
/* End XCBuildConfiguration section */

/* Begin XCConfigurationList section */
		16A375721F60BD5700C22D54 /* Build configuration list for PBXProject "Marvel Heroes" */ = {
			isa = XCConfigurationList;
			buildConfigurations = (
				16A375A01F60BD5700C22D54 /* Debug */,
				16A375A11F60BD5700C22D54 /* Release */,
			);
			defaultConfigurationIsVisible = 0;
			defaultConfigurationName = Release;
		};
		16A375A21F60BD5700C22D54 /* Build configuration list for PBXNativeTarget "Marvel Heroes" */ = {
			isa = XCConfigurationList;
			buildConfigurations = (
				16A375A31F60BD5700C22D54 /* Debug */,
				16A375A41F60BD5700C22D54 /* Release */,
			);
			defaultConfigurationIsVisible = 0;
			defaultConfigurationName = Release;
		};
		16A375A51F60BD5700C22D54 /* Build configuration list for PBXNativeTarget "Marvel HeroesTests" */ = {
			isa = XCConfigurationList;
			buildConfigurations = (
				16A375A61F60BD5700C22D54 /* Debug */,
				16A375A71F60BD5700C22D54 /* Release */,
			);
			defaultConfigurationIsVisible = 0;
			defaultConfigurationName = Release;
		};
		16A375A81F60BD5700C22D54 /* Build configuration list for PBXNativeTarget "Marvel HeroesUITests" */ = {
			isa = XCConfigurationList;
			buildConfigurations = (
				16A375A91F60BD5700C22D54 /* Debug */,
				16A375AA1F60BD5700C22D54 /* Release */,
			);
			defaultConfigurationIsVisible = 0;
			defaultConfigurationName = Release;
		};
/* End XCConfigurationList section */

/* Begin XCVersionGroup section */
		16A375811F60BD5700C22D54 /* Marvel_Heroes.xcdatamodeld */ = {
			isa = XCVersionGroup;
			children = (
				16A375821F60BD5700C22D54 /* Marvel_Heroes.xcdatamodel */,
			);
			currentVersion = 16A375821F60BD5700C22D54 /* Marvel_Heroes.xcdatamodel */;
			path = Marvel_Heroes.xcdatamodeld;
			sourceTree = "<group>";
			versionGroupType = wrapper.xcdatamodel;
		};
/* End XCVersionGroup section */
	};
	rootObject = 16A3756F1F60BD5700C22D54 /* Project object */;
}
